
Microsoft Visual Studio Solution File, Format Version 12.00
# Visual Studio Version 17
VisualStudioVersion = 17.9.34616.47
MinimumVisualStudioVersion = 10.0.40219.1
Project("{FAE04EC0-301F-11D3-BF4B-00C04F79EFBC}") = "PersonalFinanceManager", "PersonalFinanceManager.csproj", "{DE507172-2F51-4A27-8B49-3CEBA9826304}"
EndProject
Global
	GlobalSection(SolutionConfigurationPlatforms) = preSolution
		Debug|Any CPU = Debug|Any CPU
		Release|Any CPU = Release|Any CPU
	EndGlobalSection
	GlobalSection(ProjectConfigurationPlatforms) = postSolution
		{DE507172-2F51-4A27-8B49-3CEBA9826304}.Debug|Any CPU.ActiveCfg = Debug|Any CPU
		{DE507172-2F51-4A27-8B49-3CEBA9826304}.Debug|Any CPU.Build.0 = Debug|Any CPU
		{DE507172-2F51-4A27-8B49-3CEBA9826304}.Release|Any CPU.ActiveCfg = Release|Any CPU
		{DE507172-2F51-4A27-8B49-3CEBA9826304}.Release|Any CPU.Build.0 = Release|Any CPU
	EndGlobalSection
	GlobalSection(SolutionProperties) = preSolution
		HideSolutionNode = FALSE
	EndGlobalSection
	GlobalSection(ExtensibilityGlobals) = postSolution
		SolutionGuid = {639415ED-E90B-4B91-9CD6-CF17ADBC973D}
	EndGlobalSection
EndGlobal
